
Microsoft Visual Studio Solution File, Format Version 12.00
# Visual Studio 2013
VisualStudioVersion = 12.0.31101.0
MinimumVisualStudioVersion = 10.0.40219.1
Project("{FAE04EC0-301F-11D3-BF4B-00C04F79EFBC}") = "PartnerSummitDemo", "ContactDemo\PartnerSummitDemo.csproj", "{1791101C-EF4E-420C-963C-3361888F4F82}"
EndProject
Project("{CAA73BB0-EF22-4D79-A57E-DF67B3BA9C80}") = "master.demo.partnersummit.sitecore", "master.demo.partnersummit.sitecore\master.demo.partnersummit.sitecore.scproj", "{3D9FDA9C-B23C-41CA-934C-5DBED3B75B4B}"
EndProject
Project("{CAA73BB0-EF22-4D79-A57E-DF67B3BA9C80}") = "core.demo.partnersummit.sitecore", "core.demo.partnersummit.sitecore\core.demo.partnersummit.sitecore.scproj", "{DCDB641C-DABF-476B-A6F1-000E0B2EDA04}"
EndProject
Global
	GlobalSection(SolutionConfigurationPlatforms) = preSolution
		Debug|Any CPU = Debug|Any CPU
		Release|Any CPU = Release|Any CPU
	EndGlobalSection
	GlobalSection(ProjectConfigurationPlatforms) = postSolution
		{1791101C-EF4E-420C-963C-3361888F4F82}.Debug|Any CPU.ActiveCfg = Debug|Any CPU
		{1791101C-EF4E-420C-963C-3361888F4F82}.Debug|Any CPU.Build.0 = Debug|Any CPU
		{1791101C-EF4E-420C-963C-3361888F4F82}.Release|Any CPU.ActiveCfg = Release|Any CPU
		{1791101C-EF4E-420C-963C-3361888F4F82}.Release|Any CPU.Build.0 = Release|Any CPU
		{3D9FDA9C-B23C-41CA-934C-5DBED3B75B4B}.Debug|Any CPU.ActiveCfg = Debug|Any CPU
		{3D9FDA9C-B23C-41CA-934C-5DBED3B75B4B}.Debug|Any CPU.Build.0 = Debug|Any CPU
		{3D9FDA9C-B23C-41CA-934C-5DBED3B75B4B}.Debug|Any CPU.Deploy.0 = Debug|Any CPU
		{3D9FDA9C-B23C-41CA-934C-5DBED3B75B4B}.Release|Any CPU.ActiveCfg = Release|Any CPU
		{3D9FDA9C-B23C-41CA-934C-5DBED3B75B4B}.Release|Any CPU.Build.0 = Release|Any CPU
		{3D9FDA9C-B23C-41CA-934C-5DBED3B75B4B}.Release|Any CPU.Deploy.0 = Release|Any CPU
		{DCDB641C-DABF-476B-A6F1-000E0B2EDA04}.Debug|Any CPU.ActiveCfg = Debug|Any CPU
		{DCDB641C-DABF-476B-A6F1-000E0B2EDA04}.Debug|Any CPU.Build.0 = Debug|Any CPU
		{DCDB641C-DABF-476B-A6F1-000E0B2EDA04}.Debug|Any CPU.Deploy.0 = Debug|Any CPU
		{DCDB641C-DABF-476B-A6F1-000E0B2EDA04}.Release|Any CPU.ActiveCfg = Release|Any CPU
		{DCDB641C-DABF-476B-A6F1-000E0B2EDA04}.Release|Any CPU.Build.0 = Release|Any CPU
		{DCDB641C-DABF-476B-A6F1-000E0B2EDA04}.Release|Any CPU.Deploy.0 = Release|Any CPU
	EndGlobalSection
	GlobalSection(SolutionProperties) = preSolution
		HideSolutionNode = FALSE
	EndGlobalSection
EndGlobal
